
Microsoft Visual Studio Solution File, Format Version 12.00
# Visual Studio 14
VisualStudioVersion = 14.0.25420.1
MinimumVisualStudioVersion = 10.0.40219.1
Project("{FAE04EC0-301F-11D3-BF4B-00C04F79EFBC}") = "ZiSai.RecordServer", "ZiSai.RecordServer\ZiSai.RecordServer.csproj", "{FFEC9238-7D69-4C3A-BA4A-CC294F7D9B4B}"
EndProject
Project("{FAE04EC0-301F-11D3-BF4B-00C04F79EFBC}") = "actionAPP", "actionAPP\actionAPP.csproj", "{3E523ABB-2191-4914-8CA4-9FA09980E264}"
	ProjectSection(ProjectDependencies) = postProject
		{FFEC9238-7D69-4C3A-BA4A-CC294F7D9B4B} = {FFEC9238-7D69-4C3A-BA4A-CC294F7D9B4B}
	EndProjectSection
EndProject
Global
	GlobalSection(SolutionConfigurationPlatforms) = preSolution
		Debug|Any CPU = Debug|Any CPU
		Release|Any CPU = Release|Any CPU
	EndGlobalSection
	GlobalSection(ProjectConfigurationPlatforms) = postSolution
		{FFEC9238-7D69-4C3A-BA4A-CC294F7D9B4B}.Debug|Any CPU.ActiveCfg = Debug|Any CPU
		{FFEC9238-7D69-4C3A-BA4A-CC294F7D9B4B}.Debug|Any CPU.Build.0 = Debug|Any CPU
		{FFEC9238-7D69-4C3A-BA4A-CC294F7D9B4B}.Release|Any CPU.ActiveCfg = Release|Any CPU
		{FFEC9238-7D69-4C3A-BA4A-CC294F7D9B4B}.Release|Any CPU.Build.0 = Release|Any CPU
		{3E523ABB-2191-4914-8CA4-9FA09980E264}.Debug|Any CPU.ActiveCfg = Debug|Any CPU
		{3E523ABB-2191-4914-8CA4-9FA09980E264}.Debug|Any CPU.Build.0 = Debug|Any CPU
		{3E523ABB-2191-4914-8CA4-9FA09980E264}.Release|Any CPU.ActiveCfg = Release|Any CPU
		{3E523ABB-2191-4914-8CA4-9FA09980E264}.Release|Any CPU.Build.0 = Release|Any CPU
	EndGlobalSection
	GlobalSection(SolutionProperties) = preSolution
		HideSolutionNode = FALSE
	EndGlobalSection
EndGlobal
